github.com/go-telegram/bot v0.8.0 h1:IQqNNiW14NG3aKoGE8TRJJgBDQq7YpHfHkdwbFEXOY8=
github.com/go-telegram/bot v0.8.0/go.mod h1:i2TRs7fXWIeaceF3z7KzsMt/he0TwkVC680Vzt+UiG8=
github.com/goccy/go-json v0.10.2 h1:CrxCmQqYDkv1z7lO7Wbh2HN93uovUHgrECaO5ZrCXAU=
github.com/goccy/go-json v0.10.2/go.mod h1:6MelG93GURQebXPDq3khkgXZkazVtN9CRI+MGFi0w8I=
